<?xml version="1.0" encoding="utf-8"?>
<!--
xmake version 2.2.8+201910180148

  This file is auto generated by xmake.

  Please DO NOT EDIT since all your modification will lost after re-generation.
  See https://github.com/xmake-io/xmake/pull/472 for more infomation.
-->
<Project ToolsVersion="4.0" xmlns="http://schemas.microsoft.com/developer/msbuild/2003">
  <ItemGroup>
    <Filter Include="Properties">
      <UniqueIdentifier>{CC7C6180-942D-056E-3227-E6A2B3FB19CD}</UniqueIdentifier>
    </Filter>
    <Filter Include="Source">
      <UniqueIdentifier>{90F63EA8-A206-6096-DC8A-D5CA1F975BF5}</UniqueIdentifier>
    </Filter>

  </ItemGroup>
  <ItemGroup>
    <None Include="$(MSBuildProjectDirectory)\Xmake.Custom.props">
      <Filter>Properties</Filter>
    </None>
    <None Include="$(MSBuildProjectDirectory)\Xmake.Custom.targets">
      <Filter>Properties</Filter>
    </None>
    <None Include="$(MSBuildProjectDirectory)\Xmake.Custom.items">
      <Filter>Properties</Filter>
    </None>
    <None Include="$(MSBuildProjectDirectory)\Xmake.Custom.items.filters">
      <Filter>Properties</Filter>
    </None>
    <None Include="$(XmakeScriptDir)\xmake.lua">
      <Filter>Properties</Filter>
    </None>
  </ItemGroup>
  <ItemGroup>
    <ClInclude Include="$(XmakeProjectDir)\Source\constant.h">
      <Filter>Source</Filter>
    </ClInclude>
    <ClInclude Include="$(XmakeProjectDir)\Source\homot.h">
      <Filter>Source</Filter>
    </ClInclude>
    <ClInclude Include="$(XmakeProjectDir)\Source\jacob.h">
      <Filter>Source</Filter>
    </ClInclude>
    <ClInclude Include="$(XmakeProjectDir)\Source\param.h">
      <Filter>Source</Filter>
    </ClInclude>
    <ClInclude Include="$(XmakeProjectDir)\Source\pflow.h">
      <Filter>Source</Filter>
    </ClInclude>
    <ClInclude Include="$(XmakeProjectDir)\Source\pointl.h">
      <Filter>Source</Filter>
    </ClInclude>
    <ClInclude Include="$(XmakeProjectDir)\Source\readdata.h">
      <Filter>Source</Filter>
    </ClInclude>
    <ClInclude Include="$(XmakeProjectDir)\Source\sparse.h">
      <Filter>Source</Filter>
    </ClInclude>
    <ClInclude Include="$(XmakeProjectDir)\Source\write.h">
      <Filter>Source</Filter>
    </ClInclude>


  </ItemGroup>
  <ItemGroup>

    <ClCompile Include="$(XmakeProjectDir)\Source\repsolp.cpp">
      <Filter>Source</Filter>
    </ClCompile>
    <ClCompile Include="$(XmakeProjectDir)\Source\factor.cpp">
      <Filter>Source</Filter>
    </ClCompile>
    <ClCompile Include="$(XmakeProjectDir)\Source\tefacdc.cpp">
      <Filter>Source</Filter>
    </ClCompile>
    <ClCompile Include="$(XmakeProjectDir)\Source\limits.cpp">
      <Filter>Source</Filter>
    </ClCompile>
    <ClCompile Include="$(XmakeProjectDir)\Source\homotloa.cpp">
      <Filter>Source</Filter>
    </ClCompile>
    <ClCompile Include="$(XmakeProjectDir)\Source\readital.cpp">
      <Filter>Source</Filter>
    </ClCompile>
    <ClCompile Include="$(XmakeProjectDir)\Source\readieeemod.cpp">
      <Filter>Source</Filter>
    </ClCompile>
    <ClCompile Include="$(XmakeProjectDir)\Source\param.cpp">
      <Filter>Source</Filter>
    </ClCompile>
    <ClCompile Include="$(XmakeProjectDir)\Source\initfact.cpp">
      <Filter>Source</Filter>
    </ClCompile>
    <ClCompile Include="$(XmakeProjectDir)\Source\help.cpp">
      <Filter>Source</Filter>
    </ClCompile>
    <ClCompile Include="$(XmakeProjectDir)\Source\jacobdc.cpp">
      <Filter>Source</Filter>
    </ClCompile>
    <ClCompile Include="$(XmakeProjectDir)\Source\readdc.cpp">
      <Filter>Source</Filter>
    </ClCompile>
    <ClCompile Include="$(XmakeProjectDir)\Source\pointfac.cpp">
      <Filter>Source</Filter>
    </ClCompile>
    <ClCompile Include="$(XmakeProjectDir)\Source\updatefa.cpp">
      <Filter>Source</Filter>
    </ClCompile>
    <ClCompile Include="$(XmakeProjectDir)\Source\readbas.cpp">
      <Filter>Source</Filter>
    </ClCompile>
    <ClCompile Include="$(XmakeProjectDir)\Source\writesol.cpp">
      <Filter>Source</Filter>
    </ClCompile>
    <ClCompile Include="$(XmakeProjectDir)\Source\factorns.cpp">
      <Filter>Source</Filter>
    </ClCompile>
    <ClCompile Include="$(XmakeProjectDir)\Source\writejac.cpp">
      <Filter>Source</Filter>
    </ClCompile>
    <ClCompile Include="$(XmakeProjectDir)\Source\readfact.cpp">
      <Filter>Source</Filter>
    </ClCompile>
    <ClCompile Include="$(XmakeProjectDir)\Source\update.cpp">
      <Filter>Source</Filter>
    </ClCompile>
    <ClCompile Include="$(XmakeProjectDir)\Source\homot.cpp">
      <Filter>Source</Filter>
    </ClCompile>
    <ClCompile Include="$(XmakeProjectDir)\Source\pflow.cpp">
      <Filter>Source</Filter>
    </ClCompile>
    <ClCompile Include="$(XmakeProjectDir)\Source\writesimple.cpp">
      <Filter>Source</Filter>
    </ClCompile>
    <ClCompile Include="$(XmakeProjectDir)\Source\homotpro.cpp">
      <Filter>Source</Filter>
    </ClCompile>
    <ClCompile Include="$(XmakeProjectDir)\Source\jacobac.cpp">
      <Filter>Source</Filter>
    </ClCompile>
    <ClCompile Include="$(XmakeProjectDir)\Source\homotjac.cpp">
      <Filter>Source</Filter>
    </ClCompile>
    <ClCompile Include="$(XmakeProjectDir)\Source\main.cpp">
      <Filter>Source</Filter>
    </ClCompile>
    <ClCompile Include="$(XmakeProjectDir)\Source\pointac.cpp">
      <Filter>Source</Filter>
    </ClCompile>
    <ClCompile Include="$(XmakeProjectDir)\Source\jacob.cpp">
      <Filter>Source</Filter>
    </ClCompile>
    <ClCompile Include="$(XmakeProjectDir)\Source\pointdc.cpp">
      <Filter>Source</Filter>
    </ClCompile>
    <ClCompile Include="$(XmakeProjectDir)\Source\readdata.cpp">
      <Filter>Source</Filter>
    </ClCompile>
    <ClCompile Include="$(XmakeProjectDir)\Source\readbasf.cpp">
      <Filter>Source</Filter>
    </ClCompile>
    <ClCompile Include="$(XmakeProjectDir)\Source\readepri.cpp">
      <Filter>Source</Filter>
    </ClCompile>
    <ClCompile Include="$(XmakeProjectDir)\Source\writeiee.cpp">
      <Filter>Source</Filter>
    </ClCompile>
    <ClCompile Include="$(XmakeProjectDir)\Source\readieee.cpp">
      <Filter>Source</Filter>
    </ClCompile>
    <ClCompile Include="$(XmakeProjectDir)\Source\pointl.cpp">
      <Filter>Source</Filter>
    </ClCompile>
    <ClCompile Include="$(XmakeProjectDir)\Source\readinit.cpp">
      <Filter>Source</Filter>
    </ClCompile>
    <ClCompile Include="$(XmakeProjectDir)\Source\sparse.cpp">
      <Filter>Source</Filter>
    </ClCompile>
    <ClCompile Include="$(XmakeProjectDir)\Source\jacobfac.cpp">
      <Filter>Source</Filter>
    </ClCompile>


  </ItemGroup>
  <ItemGroup>

  </ItemGroup>
  <ItemGroup>

  </ItemGroup>
  <Import Condition="Exists('$(MSBuildThisFileDirectory)\Xmake.Custom.files.filters')"
    Project="$(MSBuildThisFileDirectory)\Xmake.Custom.files.filters" />
</Project>
